// !$*UTF8*$!
{
	archiveVersion = 1;
	classes = {
	};
	objectVersion = 56;
	objects = {

/* Begin PBXBuildFile section */
		77052FB72A1FF0D600B5D0C4 /* FeedAppApp.swift in Sources */ = {isa = PBXBuildFile; fileRef = 77052FB62A1FF0D600B5D0C4 /* FeedAppApp.swift */; };
		77052FB92A1FF0D600B5D0C4 /* ContentView.swift in Sources */ = {isa = PBXBuildFile; fileRef = 77052FB82A1FF0D600B5D0C4 /* ContentView.swift */; };
		77052FBB2A1FF0D700B5D0C4 /* Assets.xcassets in Resources */ = {isa = PBXBuildFile; fileRef = 77052FBA2A1FF0D700B5D0C4 /* Assets.xcassets */; };
		77052FBE2A1FF0D700B5D0C4 /* Preview Assets.xcassets in Resources */ = {isa = PBXBuildFile; fileRef = 77052FBD2A1FF0D700B5D0C4 /* Preview Assets.xcassets */; };
		772EEF202AD5656A0066F12C /* FeedImageDataLoaderWithFallbackComposite.swift in Sources */ = {isa = PBXBuildFile; fileRef = 772EEF1F2AD5656A0066F12C /* FeedImageDataLoaderWithFallbackComposite.swift */; };
		772EEF222AD570250066F12C /* FeedLoaderCacheDecoratorTests.swift in Sources */ = {isa = PBXBuildFile; fileRef = 772EEF212AD570250066F12C /* FeedLoaderCacheDecoratorTests.swift */; };
		772EEF242AD572FC0066F12C /* FeedLoaderStub.swift in Sources */ = {isa = PBXBuildFile; fileRef = 772EEF232AD572FC0066F12C /* FeedLoaderStub.swift */; };
		772EEF262AD573CD0066F12C /* XCTestCase+FeedLoader.swift in Sources */ = {isa = PBXBuildFile; fileRef = 772EEF252AD573CD0066F12C /* XCTestCase+FeedLoader.swift */; };
		772EEF282AD580950066F12C /* FeedLoaderCacheDecorator.swift in Sources */ = {isa = PBXBuildFile; fileRef = 772EEF272AD580950066F12C /* FeedLoaderCacheDecorator.swift */; };
		772EEF2A2AD5851D0066F12C /* FeedImageDataLoaderCacheDecoratorTests.swift in Sources */ = {isa = PBXBuildFile; fileRef = 772EEF292AD5851D0066F12C /* FeedImageDataLoaderCacheDecoratorTests.swift */; };
		772EEF2C2AD587AE0066F12C /* FeedImageDataLoaderSpy.swift in Sources */ = {isa = PBXBuildFile; fileRef = 772EEF2B2AD587AE0066F12C /* FeedImageDataLoaderSpy.swift */; };
		772EEF2E2AD588410066F12C /* XCTestCase+FeedImageDataLoader.swift in Sources */ = {isa = PBXBuildFile; fileRef = 772EEF2D2AD588410066F12C /* XCTestCase+FeedImageDataLoader.swift */; };
		772EEF302AD58F8F0066F12C /* FeedImageDataLoaderCacheDecorator.swift in Sources */ = {isa = PBXBuildFile; fileRef = 772EEF2F2AD58F8F0066F12C /* FeedImageDataLoaderCacheDecorator.swift */; };
		77A958332AD404E500BA50F2 /* FeedLoaderWithFallbackCompositeTests.swift in Sources */ = {isa = PBXBuildFile; fileRef = 77A958322AD404E500BA50F2 /* FeedLoaderWithFallbackCompositeTests.swift */; };
		77A958352AD407D700BA50F2 /* Feed in Frameworks */ = {isa = PBXBuildFile; productRef = 77A958342AD407D700BA50F2 /* Feed */; };
		77A958372AD407D700BA50F2 /* FeedIOS in Frameworks */ = {isa = PBXBuildFile; productRef = 77A958362AD407D700BA50F2 /* FeedIOS */; };
		77A9583A2AD4099B00BA50F2 /* XCTestCase+MemoryLeaking.swift in Sources */ = {isa = PBXBuildFile; fileRef = 77A958392AD4099B00BA50F2 /* XCTestCase+MemoryLeaking.swift */; };
		77A9583C2AD419A600BA50F2 /* FeedLoaderWithFallbackComposite.swift in Sources */ = {isa = PBXBuildFile; fileRef = 77A9583B2AD419A600BA50F2 /* FeedLoaderWithFallbackComposite.swift */; };
		77A9583E2AD41B5300BA50F2 /* FeedImageDataLoaderWithFallbackCompositeTests.swift in Sources */ = {isa = PBXBuildFile; fileRef = 77A9583D2AD41B5300BA50F2 /* FeedImageDataLoaderWithFallbackCompositeTests.swift */; };
		77A958402AD4219500BA50F2 /* SharedTestHelpers.swift in Sources */ = {isa = PBXBuildFile; fileRef = 77A9583F2AD4219500BA50F2 /* SharedTestHelpers.swift */; };
/* End PBXBuildFile section */

/* Begin PBXContainerItemProxy section */
		77052FC42A1FF0D700B5D0C4 /* PBXContainerItemProxy */ = {
			isa = PBXContainerItemProxy;
			containerPortal = 77052FAB2A1FF0D600B5D0C4 /* Project object */;
			proxyType = 1;
			remoteGlobalIDString = 77052FB22A1FF0D600B5D0C4;
			remoteInfo = FeedApp;
		};
/* End PBXContainerItemProxy section */

/* Begin PBXFileReference section */
		77052FB32A1FF0D600B5D0C4 /* FeedApp.app */ = {isa = PBXFileReference; explicitFileType = wrapper.application; includeInIndex = 0; path = FeedApp.app; sourceTree = BUILT_PRODUCTS_DIR; };
		77052FB62A1FF0D600B5D0C4 /* FeedAppApp.swift */ = {isa = PBXFileReference; lastKnownFileType = sourcecode.swift; path = FeedAppApp.swift; sourceTree = "<group>"; };
		77052FB82A1FF0D600B5D0C4 /* ContentView.swift */ = {isa = PBXFileReference; lastKnownFileType = sourcecode.swift; path = ContentView.swift; sourceTree = "<group>"; };
		77052FBA2A1FF0D700B5D0C4 /* Assets.xcassets */ = {isa = PBXFileReference; lastKnownFileType = folder.assetcatalog; path = Assets.xcassets; sourceTree = "<group>"; };
		77052FBD2A1FF0D700B5D0C4 /* Preview Assets.xcassets */ = {isa = PBXFileReference; lastKnownFileType = folder.assetcatalog; path = "Preview Assets.xcassets"; sourceTree = "<group>"; };
		77052FC32A1FF0D700B5D0C4 /* FeedAppTests.xctest */ = {isa = PBXFileReference; explicitFileType = wrapper.cfbundle; includeInIndex = 0; path = FeedAppTests.xctest; sourceTree = BUILT_PRODUCTS_DIR; };
		77052FE12A1FF17E00B5D0C4 /* FeedAppPackage */ = {isa = PBXFileReference; lastKnownFileType = wrapper; name = FeedAppPackage; path = ../FeedAppPackage; sourceTree = "<group>"; };
		772EEF1F2AD5656A0066F12C /* FeedImageDataLoaderWithFallbackComposite.swift */ = {isa = PBXFileReference; lastKnownFileType = sourcecode.swift; path = FeedImageDataLoaderWithFallbackComposite.swift; sourceTree = "<group>"; };
		772EEF212AD570250066F12C /* FeedLoaderCacheDecoratorTests.swift */ = {isa = PBXFileReference; lastKnownFileType = sourcecode.swift; path = FeedLoaderCacheDecoratorTests.swift; sourceTree = "<group>"; };
		772EEF232AD572FC0066F12C /* FeedLoaderStub.swift */ = {isa = PBXFileReference; lastKnownFileType = sourcecode.swift; path = FeedLoaderStub.swift; sourceTree = "<group>"; };
		772EEF252AD573CD0066F12C /* XCTestCase+FeedLoader.swift */ = {isa = PBXFileReference; lastKnownFileType = sourcecode.swift; path = "XCTestCase+FeedLoader.swift"; sourceTree = "<group>"; };
		772EEF272AD580950066F12C /* FeedLoaderCacheDecorator.swift */ = {isa = PBXFileReference; lastKnownFileType = sourcecode.swift; path = FeedLoaderCacheDecorator.swift; sourceTree = "<group>"; };
		772EEF292AD5851D0066F12C /* FeedImageDataLoaderCacheDecoratorTests.swift */ = {isa = PBXFileReference; lastKnownFileType = sourcecode.swift; path = FeedImageDataLoaderCacheDecoratorTests.swift; sourceTree = "<group>"; };
		772EEF2B2AD587AE0066F12C /* FeedImageDataLoaderSpy.swift */ = {isa = PBXFileReference; lastKnownFileType = sourcecode.swift; path = FeedImageDataLoaderSpy.swift; sourceTree = "<group>"; };
		772EEF2D2AD588410066F12C /* XCTestCase+FeedImageDataLoader.swift */ = {isa = PBXFileReference; lastKnownFileType = sourcecode.swift; path = "XCTestCase+FeedImageDataLoader.swift"; sourceTree = "<group>"; };
		772EEF2F2AD58F8F0066F12C /* FeedImageDataLoaderCacheDecorator.swift */ = {isa = PBXFileReference; lastKnownFileType = sourcecode.swift; path = FeedImageDataLoaderCacheDecorator.swift; sourceTree = "<group>"; };
		77A958322AD404E500BA50F2 /* FeedLoaderWithFallbackCompositeTests.swift */ = {isa = PBXFileReference; lastKnownFileType = sourcecode.swift; path = FeedLoaderWithFallbackCompositeTests.swift; sourceTree = "<group>"; };
		77A958392AD4099B00BA50F2 /* XCTestCase+MemoryLeaking.swift */ = {isa = PBXFileReference; fileEncoding = 4; lastKnownFileType = sourcecode.swift; path = "XCTestCase+MemoryLeaking.swift"; sourceTree = "<group>"; };
		77A9583B2AD419A600BA50F2 /* FeedLoaderWithFallbackComposite.swift */ = {isa = PBXFileReference; lastKnownFileType = sourcecode.swift; path = FeedLoaderWithFallbackComposite.swift; sourceTree = "<group>"; };
		77A9583D2AD41B5300BA50F2 /* FeedImageDataLoaderWithFallbackCompositeTests.swift */ = {isa = PBXFileReference; lastKnownFileType = sourcecode.swift; path = FeedImageDataLoaderWithFallbackCompositeTests.swift; sourceTree = "<group>"; };
		77A9583F2AD4219500BA50F2 /* SharedTestHelpers.swift */ = {isa = PBXFileReference; lastKnownFileType = sourcecode.swift; path = SharedTestHelpers.swift; sourceTree = "<group>"; };
/* End PBXFileReference section */

/* Begin PBXFrameworksBuildPhase section */
		77052FB02A1FF0D600B5D0C4 /* Frameworks */ = {
			isa = PBXFrameworksBuildPhase;
			buildActionMask = 2147483647;
			files = (
				77A958372AD407D700BA50F2 /* FeedIOS in Frameworks */,
				77A958352AD407D700BA50F2 /* Feed in Frameworks */,
			);
			runOnlyForDeploymentPostprocessing = 0;
		};
		77052FC02A1FF0D700B5D0C4 /* Frameworks */ = {
			isa = PBXFrameworksBuildPhase;
			buildActionMask = 2147483647;
			files = (
			);
			runOnlyForDeploymentPostprocessing = 0;
		};
/* End PBXFrameworksBuildPhase section */

/* Begin PBXGroup section */
		77052FAA2A1FF0D600B5D0C4 = {
			isa = PBXGroup;
			children = (
				77052FE02A1FF17E00B5D0C4 /* Packages */,
				77052FB52A1FF0D600B5D0C4 /* FeedApp */,
				77052FC62A1FF0D700B5D0C4 /* FeedAppTests */,
				77052FB42A1FF0D600B5D0C4 /* Products */,
				77052FE22A1FF1C100B5D0C4 /* Frameworks */,
			);
			sourceTree = "<group>";
		};
		77052FB42A1FF0D600B5D0C4 /* Products */ = {
			isa = PBXGroup;
			children = (
				77052FB32A1FF0D600B5D0C4 /* FeedApp.app */,
				77052FC32A1FF0D700B5D0C4 /* FeedAppTests.xctest */,
			);
			name = Products;
			sourceTree = "<group>";
		};
		77052FB52A1FF0D600B5D0C4 /* FeedApp */ = {
			isa = PBXGroup;
			children = (
				77052FB62A1FF0D600B5D0C4 /* FeedAppApp.swift */,
				77A9583B2AD419A600BA50F2 /* FeedLoaderWithFallbackComposite.swift */,
				772EEF272AD580950066F12C /* FeedLoaderCacheDecorator.swift */,
				772EEF1F2AD5656A0066F12C /* FeedImageDataLoaderWithFallbackComposite.swift */,
				772EEF2F2AD58F8F0066F12C /* FeedImageDataLoaderCacheDecorator.swift */,
				77052FB82A1FF0D600B5D0C4 /* ContentView.swift */,
				77052FBA2A1FF0D700B5D0C4 /* Assets.xcassets */,
				77052FBC2A1FF0D700B5D0C4 /* Preview Content */,
			);
			path = FeedApp;
			sourceTree = "<group>";
		};
		77052FBC2A1FF0D700B5D0C4 /* Preview Content */ = {
			isa = PBXGroup;
			children = (
				77052FBD2A1FF0D700B5D0C4 /* Preview Assets.xcassets */,
			);
			path = "Preview Content";
			sourceTree = "<group>";
		};
		77052FC62A1FF0D700B5D0C4 /* FeedAppTests */ = {
			isa = PBXGroup;
			children = (
				77A958382AD4097E00BA50F2 /* Helpers */,
				77A958322AD404E500BA50F2 /* FeedLoaderWithFallbackCompositeTests.swift */,
				772EEF212AD570250066F12C /* FeedLoaderCacheDecoratorTests.swift */,
				77A9583D2AD41B5300BA50F2 /* FeedImageDataLoaderWithFallbackCompositeTests.swift */,
				772EEF292AD5851D0066F12C /* FeedImageDataLoaderCacheDecoratorTests.swift */,
			);
			path = FeedAppTests;
			sourceTree = "<group>";
		};
		77052FE02A1FF17E00B5D0C4 /* Packages */ = {
			isa = PBXGroup;
			children = (
				77052FE12A1FF17E00B5D0C4 /* FeedAppPackage */,
			);
			name = Packages;
			sourceTree = "<group>";
		};
		77052FE22A1FF1C100B5D0C4 /* Frameworks */ = {
			isa = PBXGroup;
			children = (
			);
			name = Frameworks;
			sourceTree = "<group>";
		};
		77A958382AD4097E00BA50F2 /* Helpers */ = {
			isa = PBXGroup;
			children = (
				77A9583F2AD4219500BA50F2 /* SharedTestHelpers.swift */,
				77A958392AD4099B00BA50F2 /* XCTestCase+MemoryLeaking.swift */,
				772EEF252AD573CD0066F12C /* XCTestCase+FeedLoader.swift */,
				772EEF2D2AD588410066F12C /* XCTestCase+FeedImageDataLoader.swift */,
				772EEF232AD572FC0066F12C /* FeedLoaderStub.swift */,
				772EEF2B2AD587AE0066F12C /* FeedImageDataLoaderSpy.swift */,
			);
			path = Helpers;
			sourceTree = "<group>";
		};
/* End PBXGroup section */

/* Begin PBXNativeTarget section */
		77052FB22A1FF0D600B5D0C4 /* FeedApp */ = {
			isa = PBXNativeTarget;
			buildConfigurationList = 77052FD72A1FF0D700B5D0C4 /* Build configuration list for PBXNativeTarget "FeedApp" */;
			buildPhases = (
				77052FAF2A1FF0D600B5D0C4 /* Sources */,
				77052FB02A1FF0D600B5D0C4 /* Frameworks */,
				77052FB12A1FF0D600B5D0C4 /* Resources */,
			);
			buildRules = (
			);
			dependencies = (
			);
			name = FeedApp;
			packageProductDependencies = (
				77A958342AD407D700BA50F2 /* Feed */,
				77A958362AD407D700BA50F2 /* FeedIOS */,
			);
			productName = FeedApp;
			productReference = 77052FB32A1FF0D600B5D0C4 /* FeedApp.app */;
			productType = "com.apple.product-type.application";
		};
		77052FC22A1FF0D700B5D0C4 /* FeedAppTests */ = {
			isa = PBXNativeTarget;
			buildConfigurationList = 77052FDA2A1FF0D700B5D0C4 /* Build configuration list for PBXNativeTarget "FeedAppTests" */;
			buildPhases = (
				77052FBF2A1FF0D700B5D0C4 /* Sources */,
				77052FC02A1FF0D700B5D0C4 /* Frameworks */,
				77052FC12A1FF0D700B5D0C4 /* Resources */,
			);
			buildRules = (
			);
			dependencies = (
				77052FC52A1FF0D700B5D0C4 /* PBXTargetDependency */,
			);
			name = FeedAppTests;
			productName = FeedAppTests;
			productReference = 77052FC32A1FF0D700B5D0C4 /* FeedAppTests.xctest */;
			productType = "com.apple.product-type.bundle.unit-test";
		};
/* End PBXNativeTarget section */

/* Begin PBXProject section */
		77052FAB2A1FF0D600B5D0C4 /* Project object */ = {
			isa = PBXProject;
			attributes = {
				BuildIndependentTargetsInParallel = 1;
				LastSwiftUpdateCheck = 1430;
				LastUpgradeCheck = 1430;
				TargetAttributes = {
					77052FB22A1FF0D600B5D0C4 = {
						CreatedOnToolsVersion = 14.3;
					};
					77052FC22A1FF0D700B5D0C4 = {
						CreatedOnToolsVersion = 14.3;
						LastSwiftMigration = 1500;
						TestTargetID = 77052FB22A1FF0D600B5D0C4;
					};
				};
			};
			buildConfigurationList = 77052FAE2A1FF0D600B5D0C4 /* Build configuration list for PBXProject "FeedApp" */;
			compatibilityVersion = "Xcode 14.0";
			developmentRegion = en;
			hasScannedForEncodings = 0;
			knownRegions = (
				en,
				Base,
			);
			mainGroup = 77052FAA2A1FF0D600B5D0C4;
			productRefGroup = 77052FB42A1FF0D600B5D0C4 /* Products */;
			projectDirPath = "";
			projectRoot = "";
			targets = (
				77052FB22A1FF0D600B5D0C4 /* FeedApp */,
				77052FC22A1FF0D700B5D0C4 /* FeedAppTests */,
			);
		};
/* End PBXProject section */

/* Begin PBXResourcesBuildPhase section */
		77052FB12A1FF0D600B5D0C4 /* Resources */ = {
			isa = PBXResourcesBuildPhase;
			buildActionMask = 2147483647;
			files = (
				77052FBE2A1FF0D700B5D0C4 /* Preview Assets.xcassets in Resources */,
				77052FBB2A1FF0D700B5D0C4 /* Assets.xcassets in Resources */,
			);
			runOnlyForDeploymentPostprocessing = 0;
		};
		77052FC12A1FF0D700B5D0C4 /* Resources */ = {
			isa = PBXResourcesBuildPhase;
			buildActionMask = 2147483647;
			files = (
			);
			runOnlyForDeploymentPostprocessing = 0;
		};
/* End PBXResourcesBuildPhase section */

/* Begin PBXSourcesBuildPhase section */
		77052FAF2A1FF0D600B5D0C4 /* Sources */ = {
			isa = PBXSourcesBuildPhase;
			buildActionMask = 2147483647;
			files = (
				772EEF202AD5656A0066F12C /* FeedImageDataLoaderWithFallbackComposite.swift in Sources */,
				77052FB92A1FF0D600B5D0C4 /* ContentView.swift in Sources */,
				77A9583C2AD419A600BA50F2 /* FeedLoaderWithFallbackComposite.swift in Sources */,
				772EEF302AD58F8F0066F12C /* FeedImageDataLoaderCacheDecorator.swift in Sources */,
				772EEF282AD580950066F12C /* FeedLoaderCacheDecorator.swift in Sources */,
				77052FB72A1FF0D600B5D0C4 /* FeedAppApp.swift in Sources */,
			);
			runOnlyForDeploymentPostprocessing = 0;
		};
		77052FBF2A1FF0D700B5D0C4 /* Sources */ = {
			isa = PBXSourcesBuildPhase;
			buildActionMask = 2147483647;
			files = (
				77A958402AD4219500BA50F2 /* SharedTestHelpers.swift in Sources */,
				772EEF2C2AD587AE0066F12C /* FeedImageDataLoaderSpy.swift in Sources */,
				772EEF2A2AD5851D0066F12C /* FeedImageDataLoaderCacheDecoratorTests.swift in Sources */,
				772EEF2E2AD588410066F12C /* XCTestCase+FeedImageDataLoader.swift in Sources */,
				772EEF262AD573CD0066F12C /* XCTestCase+FeedLoader.swift in Sources */,
				772EEF222AD570250066F12C /* FeedLoaderCacheDecoratorTests.swift in Sources */,
				77A958332AD404E500BA50F2 /* FeedLoaderWithFallbackCompositeTests.swift in Sources */,
				77A9583A2AD4099B00BA50F2 /* XCTestCase+MemoryLeaking.swift in Sources */,
				772EEF242AD572FC0066F12C /* FeedLoaderStub.swift in Sources */,
				77A9583E2AD41B5300BA50F2 /* FeedImageDataLoaderWithFallbackCompositeTests.swift in Sources */,
			);
			runOnlyForDeploymentPostprocessing = 0;
		};
/* End PBXSourcesBuildPhase section */

/* Begin PBXTargetDependency section */
		77052FC52A1FF0D700B5D0C4 /* PBXTargetDependency */ = {
			isa = PBXTargetDependency;
			target = 77052FB22A1FF0D600B5D0C4 /* FeedApp */;
			targetProxy = 77052FC42A1FF0D700B5D0C4 /* PBXContainerItemProxy */;
		};
/* End PBXTargetDependency section */

/* Begin XCBuildConfiguration section */
		77052FD52A1FF0D700B5D0C4 /* Debug */ = {
			isa = XCBuildConfiguration;
			buildSettings = {
				ALWAYS_SEARCH_USER_PATHS = NO;
				CLANG_ANALYZER_NONNULL = YES;
				CLANG_ANALYZER_NUMBER_OBJECT_CONVERSION = YES_AGGRESSIVE;
				CLANG_CXX_LANGUAGE_STANDARD = "gnu++20";
				CLANG_ENABLE_MODULES = YES;
				CLANG_ENABLE_OBJC_ARC = YES;
				CLANG_ENABLE_OBJC_WEAK = YES;
				CLANG_WARN_BLOCK_CAPTURE_AUTORELEASING = YES;
				CLANG_WARN_BOOL_CONVERSION = YES;
				CLANG_WARN_COMMA = YES;
				CLANG_WARN_CONSTANT_CONVERSION = YES;
				CLANG_WARN_DEPRECATED_OBJC_IMPLEMENTATIONS = YES;
				CLANG_WARN_DIRECT_OBJC_ISA_USAGE = YES_ERROR;
				CLANG_WARN_DOCUMENTATION_COMMENTS = YES;
				CLANG_WARN_EMPTY_BODY = YES;
				CLANG_WARN_ENUM_CONVERSION = YES;
				CLANG_WARN_INFINITE_RECURSION = YES;
				CLANG_WARN_INT_CONVERSION = YES;
				CLANG_WARN_NON_LITERAL_NULL_CONVERSION = YES;
				CLANG_WARN_OBJC_IMPLICIT_RETAIN_SELF = YES;
				CLANG_WARN_OBJC_LITERAL_CONVERSION = YES;
				CLANG_WARN_OBJC_ROOT_CLASS = YES_ERROR;
				CLANG_WARN_QUOTED_INCLUDE_IN_FRAMEWORK_HEADER = YES;
				CLANG_WARN_RANGE_LOOP_ANALYSIS = YES;
				CLANG_WARN_STRICT_PROTOTYPES = YES;
				CLANG_WARN_SUSPICIOUS_MOVE = YES;
				CLANG_WARN_UNGUARDED_AVAILABILITY = YES_AGGRESSIVE;
				CLANG_WARN_UNREACHABLE_CODE = YES;
				CLANG_WARN__DUPLICATE_METHOD_MATCH = YES;
				COPY_PHASE_STRIP = NO;
				DEBUG_INFORMATION_FORMAT = dwarf;
				ENABLE_STRICT_OBJC_MSGSEND = YES;
				ENABLE_TESTABILITY = YES;
				GCC_C_LANGUAGE_STANDARD = gnu11;
				GCC_DYNAMIC_NO_PIC = NO;
				GCC_NO_COMMON_BLOCKS = YES;
				GCC_OPTIMIZATION_LEVEL = 0;
				GCC_PREPROCESSOR_DEFINITIONS = (
					"DEBUG=1",
					"$(inherited)",
				);
				GCC_WARN_64_TO_32_BIT_CONVERSION = YES;
				GCC_WARN_ABOUT_RETURN_TYPE = YES_ERROR;
				GCC_WARN_UNDECLARED_SELECTOR = YES;
				GCC_WARN_UNINITIALIZED_AUTOS = YES_AGGRESSIVE;
				GCC_WARN_UNUSED_FUNCTION = YES;
				GCC_WARN_UNUSED_VARIABLE = YES;
				IPHONEOS_DEPLOYMENT_TARGET = 16.4;
				MTL_ENABLE_DEBUG_INFO = INCLUDE_SOURCE;
				MTL_FAST_MATH = YES;
				ONLY_ACTIVE_ARCH = YES;
				SDKROOT = iphoneos;
				SWIFT_ACTIVE_COMPILATION_CONDITIONS = DEBUG;
				SWIFT_OPTIMIZATION_LEVEL = "-Onone";
			};
			name = Debug;
		};
		77052FD62A1FF0D700B5D0C4 /* Release */ = {
			isa = XCBuildConfiguration;
			buildSettings = {
				ALWAYS_SEARCH_USER_PATHS = NO;
				CLANG_ANALYZER_NONNULL = YES;
				CLANG_ANALYZER_NUMBER_OBJECT_CONVERSION = YES_AGGRESSIVE;
				CLANG_CXX_LANGUAGE_STANDARD = "gnu++20";
				CLANG_ENABLE_MODULES = YES;
				CLANG_ENABLE_OBJC_ARC = YES;
				CLANG_ENABLE_OBJC_WEAK = YES;
				CLANG_WARN_BLOCK_CAPTURE_AUTORELEASING = YES;
				CLANG_WARN_BOOL_CONVERSION = YES;
				CLANG_WARN_COMMA = YES;
				CLANG_WARN_CONSTANT_CONVERSION = YES;
				CLANG_WARN_DEPRECATED_OBJC_IMPLEMENTATIONS = YES;
				CLANG_WARN_DIRECT_OBJC_ISA_USAGE = YES_ERROR;
				CLANG_WARN_DOCUMENTATION_COMMENTS = YES;
				CLANG_WARN_EMPTY_BODY = YES;
				CLANG_WARN_ENUM_CONVERSION = YES;
				CLANG_WARN_INFINITE_RECURSION = YES;
				CLANG_WARN_INT_CONVERSION = YES;
				CLANG_WARN_NON_LITERAL_NULL_CONVERSION = YES;
				CLANG_WARN_OBJC_IMPLICIT_RETAIN_SELF = YES;
				CLANG_WARN_OBJC_LITERAL_CONVERSION = YES;
				CLANG_WARN_OBJC_ROOT_CLASS = YES_ERROR;
				CLANG_WARN_QUOTED_INCLUDE_IN_FRAMEWORK_HEADER = YES;
				CLANG_WARN_RANGE_LOOP_ANALYSIS = YES;
				CLANG_WARN_STRICT_PROTOTYPES = YES;
				CLANG_WARN_SUSPICIOUS_MOVE = YES;
				CLANG_WARN_UNGUARDED_AVAILABILITY = YES_AGGRESSIVE;
				CLANG_WARN_UNREACHABLE_CODE = YES;
				CLANG_WARN__DUPLICATE_METHOD_MATCH = YES;
				COPY_PHASE_STRIP = NO;
				DEBUG_INFORMATION_FORMAT = "dwarf-with-dsym";
				ENABLE_NS_ASSERTIONS = NO;
				ENABLE_STRICT_OBJC_MSGSEND = YES;
				GCC_C_LANGUAGE_STANDARD = gnu11;
				GCC_NO_COMMON_BLOCKS = YES;
				GCC_WARN_64_TO_32_BIT_CONVERSION = YES;
				GCC_WARN_ABOUT_RETURN_TYPE = YES_ERROR;
				GCC_WARN_UNDECLARED_SELECTOR = YES;
				GCC_WARN_UNINITIALIZED_AUTOS = YES_AGGRESSIVE;
				GCC_WARN_UNUSED_FUNCTION = YES;
				GCC_WARN_UNUSED_VARIABLE = YES;
				IPHONEOS_DEPLOYMENT_TARGET = 16.4;
				MTL_ENABLE_DEBUG_INFO = NO;
				MTL_FAST_MATH = YES;
				SDKROOT = iphoneos;
				SWIFT_COMPILATION_MODE = wholemodule;
				SWIFT_OPTIMIZATION_LEVEL = "-O";
				VALIDATE_PRODUCT = YES;
			};
			name = Release;
		};
		77052FD82A1FF0D700B5D0C4 /* Debug */ = {
			isa = XCBuildConfiguration;
			buildSettings = {
				ASSETCATALOG_COMPILER_APPICON_NAME = AppIcon;
				ASSETCATALOG_COMPILER_GLOBAL_ACCENT_COLOR_NAME = AccentColor;
				CODE_SIGN_STYLE = Automatic;
				CURRENT_PROJECT_VERSION = 1;
				DEVELOPMENT_ASSET_PATHS = "\"FeedApp/Preview Content\"";
				DEVELOPMENT_TEAM = 29E66XW7ZX;
				ENABLE_PREVIEWS = YES;
				GENERATE_INFOPLIST_FILE = YES;
				INFOPLIST_KEY_UIApplicationSceneManifest_Generation = YES;
				INFOPLIST_KEY_UIApplicationSupportsIndirectInputEvents = YES;
				INFOPLIST_KEY_UILaunchScreen_Generation = YES;
				INFOPLIST_KEY_UISupportedInterfaceOrientations_iPad = "UIInterfaceOrientationPortrait UIInterfaceOrientationPortraitUpsideDown UIInterfaceOrientationLandscapeLeft UIInterfaceOrientationLandscapeRight";
				INFOPLIST_KEY_UISupportedInterfaceOrientations_iPhone = "UIInterfaceOrientationPortrait UIInterfaceOrientationLandscapeLeft UIInterfaceOrientationLandscapeRight";
				LD_RUNPATH_SEARCH_PATHS = (
					"$(inherited)",
					"@executable_path/Frameworks",
				);
				MARKETING_VERSION = 1.0;
				PRODUCT_BUNDLE_IDENTIFIER = pro.maxgribov.FeedApp;
				PRODUCT_NAME = "$(TARGET_NAME)";
				SWIFT_EMIT_LOC_STRINGS = YES;
				SWIFT_VERSION = 5.0;
				TARGETED_DEVICE_FAMILY = "1,2";
			};
			name = Debug;
		};
		77052FD92A1FF0D700B5D0C4 /* Release */ = {
			isa = XCBuildConfiguration;
			buildSettings = {
				ASSETCATALOG_COMPILER_APPICON_NAME = AppIcon;
				ASSETCATALOG_COMPILER_GLOBAL_ACCENT_COLOR_NAME = AccentColor;
				CODE_SIGN_STYLE = Automatic;
				CURRENT_PROJECT_VERSION = 1;
				DEVELOPMENT_ASSET_PATHS = "\"FeedApp/Preview Content\"";
				DEVELOPMENT_TEAM = 29E66XW7ZX;
				ENABLE_PREVIEWS = YES;
				GENERATE_INFOPLIST_FILE = YES;
				INFOPLIST_KEY_UIApplicationSceneManifest_Generation = YES;
				INFOPLIST_KEY_UIApplicationSupportsIndirectInputEvents = YES;
				INFOPLIST_KEY_UILaunchScreen_Generation = YES;
				INFOPLIST_KEY_UISupportedInterfaceOrientations_iPad = "UIInterfaceOrientationPortrait UIInterfaceOrientationPortraitUpsideDown UIInterfaceOrientationLandscapeLeft UIInterfaceOrientationLandscapeRight";
				INFOPLIST_KEY_UISupportedInterfaceOrientations_iPhone = "UIInterfaceOrientationPortrait UIInterfaceOrientationLandscapeLeft UIInterfaceOrientationLandscapeRight";
				LD_RUNPATH_SEARCH_PATHS = (
					"$(inherited)",
					"@executable_path/Frameworks",
				);
				MARKETING_VERSION = 1.0;
				PRODUCT_BUNDLE_IDENTIFIER = pro.maxgribov.FeedApp;
				PRODUCT_NAME = "$(TARGET_NAME)";
				SWIFT_EMIT_LOC_STRINGS = YES;
				SWIFT_VERSION = 5.0;
				TARGETED_DEVICE_FAMILY = "1,2";
			};
			name = Release;
		};
		77052FDB2A1FF0D700B5D0C4 /* Debug */ = {
			isa = XCBuildConfiguration;
			buildSettings = {
				ALWAYS_EMBED_SWIFT_STANDARD_LIBRARIES = YES;
				BUNDLE_LOADER = "$(TEST_HOST)";
				CLANG_ENABLE_MODULES = YES;
				CODE_SIGN_STYLE = Automatic;
				CURRENT_PROJECT_VERSION = 1;
				DEVELOPMENT_TEAM = 29E66XW7ZX;
				GENERATE_INFOPLIST_FILE = YES;
				IPHONEOS_DEPLOYMENT_TARGET = 16.4;
				MARKETING_VERSION = 1.0;
				PRODUCT_BUNDLE_IDENTIFIER = pro.maxgribov.FeedAppTests;
				PRODUCT_NAME = "$(TARGET_NAME)";
				SWIFT_EMIT_LOC_STRINGS = NO;
				SWIFT_OPTIMIZATION_LEVEL = "-Onone";
				SWIFT_VERSION = 5.0;
				TARGETED_DEVICE_FAMILY = "1,2";
				TEST_HOST = "$(BUILT_PRODUCTS_DIR)/FeedApp.app/$(BUNDLE_EXECUTABLE_FOLDER_PATH)/FeedApp";
			};
			name = Debug;
		};
		77052FDC2A1FF0D700B5D0C4 /* Release */ = {
			isa = XCBuildConfiguration;
			buildSettings = {
				ALWAYS_EMBED_SWIFT_STANDARD_LIBRARIES = YES;
				BUNDLE_LOADER = "$(TEST_HOST)";
				CLANG_ENABLE_MODULES = YES;
				CODE_SIGN_STYLE = Automatic;
				CURRENT_PROJECT_VERSION = 1;
				DEVELOPMENT_TEAM = 29E66XW7ZX;
				GENERATE_INFOPLIST_FILE = YES;
				IPHONEOS_DEPLOYMENT_TARGET = 16.4;
				MARKETING_VERSION = 1.0;
				PRODUCT_BUNDLE_IDENTIFIER = pro.maxgribov.FeedAppTests;
				PRODUCT_NAME = "$(TARGET_NAME)";
				SWIFT_EMIT_LOC_STRINGS = NO;
				SWIFT_VERSION = 5.0;
				TARGETED_DEVICE_FAMILY = "1,2";
				TEST_HOST = "$(BUILT_PRODUCTS_DIR)/FeedApp.app/$(BUNDLE_EXECUTABLE_FOLDER_PATH)/FeedApp";
			};
			name = Release;
		};
/* End XCBuildConfiguration section */

/* Begin XCConfigurationList section */
		77052FAE2A1FF0D600B5D0C4 /* Build configuration list for PBXProject "FeedApp" */ = {
			isa = XCConfigurationList;
			buildConfigurations = (
				77052FD52A1FF0D700B5D0C4 /* Debug */,
				77052FD62A1FF0D700B5D0C4 /* Release */,
			);
			defaultConfigurationIsVisible = 0;
			defaultConfigurationName = Release;
		};
		77052FD72A1FF0D700B5D0C4 /* Build configuration list for PBXNativeTarget "FeedApp" */ = {
			isa = XCConfigurationList;
			buildConfigurations = (
				77052FD82A1FF0D700B5D0C4 /* Debug */,
				77052FD92A1FF0D700B5D0C4 /* Release */,
			);
			defaultConfigurationIsVisible = 0;
			defaultConfigurationName = Release;
		};
		77052FDA2A1FF0D700B5D0C4 /* Build configuration list for PBXNativeTarget "FeedAppTests" */ = {
			isa = XCConfigurationList;
			buildConfigurations = (
				77052FDB2A1FF0D700B5D0C4 /* Debug */,
				77052FDC2A1FF0D700B5D0C4 /* Release */,
			);
			defaultConfigurationIsVisible = 0;
			defaultConfigurationName = Release;
		};
/* End XCConfigurationList section */

/* Begin XCSwiftPackageProductDependency section */
		77A958342AD407D700BA50F2 /* Feed */ = {
			isa = XCSwiftPackageProductDependency;
			productName = Feed;
		};
		77A958362AD407D700BA50F2 /* FeedIOS */ = {
			isa = XCSwiftPackageProductDependency;
			productName = FeedIOS;
		};
/* End XCSwiftPackageProductDependency section */
	};
	rootObject = 77052FAB2A1FF0D600B5D0C4 /* Project object */;
}
